{
    "_readme": [
        "This file locks the dependencies of your project to a known state",
        "Read more about it at http://getcomposer.org/doc/01-basic-usage.md#composer-lock-the-lock-file"
    ],
    "hash": "bbeecfa0f06f00be5a7124c1464775f3",
    "packages": [
        {
            "name": "composer/installers",
            "version": "dev-master",
            "source": {
                "type": "git",
                "url": "https://github.com/composer/installers.git",
                "reference": "53c31d1c216b64c1da999d5d25a97fcbf6810515"
            },
            "dist": {
                "type": "zip",
                "url": "https://api.github.com/repos/composer/installers/zipball/53c31d1c216b64c1da999d5d25a97fcbf6810515",
                "reference": "53c31d1c216b64c1da999d5d25a97fcbf6810515",
                "shasum": ""
            },
            "replace": {
                "shama/baton": "*"
            },
            "require-dev": {
                "composer/composer": "1.0.*@dev",
                "phpunit/phpunit": "3.7.*"
            },
            "type": "composer-installer",
            "extra": {
                "class": "Composer\\Installers\\Installer",
                "branch-alias": {
                    "dev-master": "1.0-dev"
                }
            },
            "autoload": {
                "psr-0": {
                    "Composer\\Installers\\": "src/"
                }
            },
            "notification-url": "https://packagist.org/downloads/",
            "license": [
                "MIT"
            ],
            "authors": [
                {
                    "name": "Kyle Robinson Young",
                    "email": "kyle@dontkry.com",
                    "homepage": "https://github.com/shama",
                    "role": "Developer"
                }
            ],
            "description": "A multi-framework Composer library installer",
            "homepage": "http://composer.github.com/installers/",
            "keywords": [
                "TYPO3 CMS",
                "TYPO3 Flow",
                "TYPO3 Neos",
                "agl",
                "cakephp",
                "codeigniter",
                "concrete5",
                "drupal",
                "elgg",
                "fuelphp",
                "installer",
                "joomla",
                "kohana",
                "laravel",
                "li3",
                "lithium",
                "mako",
                "modulework",
                "phpbb",
                "piwik",
                "ppi",
                "silverstripe",
                "symfony",
                "wordpress",
                "zend"
            ],
            "time": "2014-01-14 16:42:06"
        },
        {
            "name": "markstory/cakephp_geshi",
            "version": "dev-master",
            "source": {
                "type": "git",
                "url": "https://github.com/markstory/cakephp_geshi.git",
                "reference": "e3f901efa6a118ecdf76f3c5862237ed91aa642d"
            },
            "dist": {
                "type": "zip",
                "url": "https://api.github.com/repos/markstory/cakephp_geshi/zipball/e3f901efa6a118ecdf76f3c5862237ed91aa642d",
                "reference": "e3f901efa6a118ecdf76f3c5862237ed91aa642d",
                "shasum": ""
            },
            "require": {
                "composer/installers": "*",
                "php": ">=5.3.0"
            },
            "type": "cakephp-plugin",
            "license": [
                "MIT"
            ],
            "authors": [
                {
                    "name": "Mark Story",
                    "homepage": "http://mark-story.com",
                    "role": "Author"
                }
            ],
            "description": "CakePHP plugin that integrates with Geshi Syntax highlighter.",
            "homepage": "https://github.com/markstory/cakephp_geshi",
            "keywords": [
                "cakephp",
                "geshi",
                "helper",
                "highlighting"
            ],
            "support": {
                "issues": "https://github.com/markstory/cakephp_geshi/issues",
                "source": "https://github.com/markstory/cakephp_geshi"
            },
            "time": "2013-10-31 02:13:09"
        }
    ],
    "packages-dev": [

    ],
    "aliases": [

    ],
    "minimum-stability": "dev",
    "stability-flags": [

    ],
    "platform": [

    ],
    "platform-dev": [

    ]
}
